
Microsoft Visual Studio Solution File, Format Version 12.00
# Visual Studio 15
Project("{FAE04EC0-301F-11D3-BF4B-00C04F79EFBC}") = "AndroidTips", "AndroidTips.csproj", "{C341E501-659F-438E-B799-CFF2E4966A11}"
EndProject
Global
	GlobalSection(SolutionConfigurationPlatforms) = preSolution
		Debug|Any CPU = Debug|Any CPU
		Release|Any CPU = Release|Any CPU
	EndGlobalSection
	GlobalSection(ProjectConfigurationPlatforms) = postSolution
		{C341E501-659F-438E-B799-CFF2E4966A11}.Debug|Any CPU.ActiveCfg = Debug|Any CPU
		{C341E501-659F-438E-B799-CFF2E4966A11}.Debug|Any CPU.Build.0 = Debug|Any CPU
		{C341E501-659F-438E-B799-CFF2E4966A11}.Release|Any CPU.ActiveCfg = Release|Any CPU
		{C341E501-659F-438E-B799-CFF2E4966A11}.Release|Any CPU.Build.0 = Release|Any CPU
	EndGlobalSection
EndGlobal
