
Microsoft Visual Studio Solution File, Format Version 12.00
# Visual Studio 15
Project("{FAE04EC0-301F-11D3-BF4B-00C04F79EFBC}") = "MapsLiveUpdate", "MapsLiveUpdate.csproj", "{FA62C48D-F2EA-45F8-A4BC-F42D5092982D}"
EndProject
Global
	GlobalSection(SolutionConfigurationPlatforms) = preSolution
		Debug|Any CPU = Debug|Any CPU
		Release|Any CPU = Release|Any CPU
	EndGlobalSection
	GlobalSection(ProjectConfigurationPlatforms) = postSolution
		{FA62C48D-F2EA-45F8-A4BC-F42D5092982D}.Debug|Any CPU.ActiveCfg = Debug|Any CPU
		{FA62C48D-F2EA-45F8-A4BC-F42D5092982D}.Debug|Any CPU.Build.0 = Debug|Any CPU
		{FA62C48D-F2EA-45F8-A4BC-F42D5092982D}.Release|Any CPU.ActiveCfg = Release|Any CPU
		{FA62C48D-F2EA-45F8-A4BC-F42D5092982D}.Release|Any CPU.Build.0 = Release|Any CPU
	EndGlobalSection
EndGlobal
