
Microsoft Visual Studio Solution File, Format Version 12.00
# Visual Studio 15
Project("{FAE04EC0-301F-11D3-BF4B-00C04F79EFBC}") = "XAExpandableListView", "XAExpandableListView.csproj", "{C0123FA6-4ADA-492D-A9C6-5C17F3A3C4D0}"
EndProject
Global
	GlobalSection(SolutionConfigurationPlatforms) = preSolution
		Debug|Any CPU = Debug|Any CPU
		Release|Any CPU = Release|Any CPU
	EndGlobalSection
	GlobalSection(ProjectConfigurationPlatforms) = postSolution
		{C0123FA6-4ADA-492D-A9C6-5C17F3A3C4D0}.Debug|Any CPU.ActiveCfg = Debug|Any CPU
		{C0123FA6-4ADA-492D-A9C6-5C17F3A3C4D0}.Debug|Any CPU.Build.0 = Debug|Any CPU
		{C0123FA6-4ADA-492D-A9C6-5C17F3A3C4D0}.Release|Any CPU.ActiveCfg = Release|Any CPU
		{C0123FA6-4ADA-492D-A9C6-5C17F3A3C4D0}.Release|Any CPU.Build.0 = Release|Any CPU
	EndGlobalSection
EndGlobal
